
Microsoft Visual Studio Solution File, Format Version 12.00
# Visual Studio Version 17
VisualStudioVersion = 17.0.32112.339
MinimumVisualStudioVersion = 10.0.40219.1
Project("{FAE04EC0-301F-11D3-BF4B-00C04F79EFBC}") = "Diploma", "Diploma\Diploma.csproj", "{91192C35-9377-4894-AC4C-559BC52A75BF}"
EndProject
Global
	GlobalSection(SolutionConfigurationPlatforms) = preSolution
		Debug|Any CPU = Debug|Any CPU
		Release|Any CPU = Release|Any CPU
	EndGlobalSection
	GlobalSection(ProjectConfigurationPlatforms) = postSolution
		{91192C35-9377-4894-AC4C-559BC52A75BF}.Debug|Any CPU.ActiveCfg = Debug|Any CPU
		{91192C35-9377-4894-AC4C-559BC52A75BF}.Debug|Any CPU.Build.0 = Debug|Any CPU
		{91192C35-9377-4894-AC4C-559BC52A75BF}.Release|Any CPU.ActiveCfg = Release|Any CPU
		{91192C35-9377-4894-AC4C-559BC52A75BF}.Release|Any CPU.Build.0 = Release|Any CPU
	EndGlobalSection
	GlobalSection(SolutionProperties) = preSolution
		HideSolutionNode = FALSE
	EndGlobalSection
	GlobalSection(ExtensibilityGlobals) = postSolution
		SolutionGuid = {01E02524-9A02-4E13-96F8-C08CE1F0E11D}
	EndGlobalSection
EndGlobal
